
Microsoft Visual Studio Solution File, Format Version 12.00
# Visual Studio Version 17
VisualStudioVersion = 17.3.32804.467
MinimumVisualStudioVersion = 10.0.40219.1
Project("{FAE04EC0-301F-11D3-BF4B-00C04F79EFBC}") = "CalculatorWPF", "CalculatorWPF\CalculatorWPF.csproj", "{EABFBCC5-CE82-49ED-9728-4852BB4A26CF}"
EndProject
Global
	GlobalSection(SolutionConfigurationPlatforms) = preSolution
		Debug|Any CPU = Debug|Any CPU
		Release|Any CPU = Release|Any CPU
	EndGlobalSection
	GlobalSection(ProjectConfigurationPlatforms) = postSolution
		{EABFBCC5-CE82-49ED-9728-4852BB4A26CF}.Debug|Any CPU.ActiveCfg = Debug|Any CPU
		{EABFBCC5-CE82-49ED-9728-4852BB4A26CF}.Debug|Any CPU.Build.0 = Debug|Any CPU
		{EABFBCC5-CE82-49ED-9728-4852BB4A26CF}.Release|Any CPU.ActiveCfg = Release|Any CPU
		{EABFBCC5-CE82-49ED-9728-4852BB4A26CF}.Release|Any CPU.Build.0 = Release|Any CPU
	EndGlobalSection
	GlobalSection(SolutionProperties) = preSolution
		HideSolutionNode = FALSE
	EndGlobalSection
	GlobalSection(ExtensibilityGlobals) = postSolution
		SolutionGuid = {91BD495D-8BFF-4D01-B692-36F81063DC33}
	EndGlobalSection
EndGlobal
